<?xml version="1.0" encoding="utf-8"?>
<Project ToolsVersion="4.0" xmlns="http://schemas.microsoft.com/developer/msbuild/2003">
  <ItemGroup>
    <Filter Include="源文件">
      <UniqueIdentifier>{4FC737F1-C7A5-4376-A066-2A32D752A2FF}</UniqueIdentifier>
      <Extensions>cpp;c;cc;cxx;def;odl;idl;hpj;bat;asm;asmx</Extensions>
    </Filter>
    <Filter Include="头文件">
      <UniqueIdentifier>{93995380-89BD-4b04-88EB-625FBE52EBFB}</UniqueIdentifier>
      <Extensions>h;hpp;hxx;hm;inl;inc;xsd</Extensions>
    </Filter>
    <Filter Include="资源文件">
      <UniqueIdentifier>{67DA6AB6-F800-4c08-8B7A-83BB121AAD01}</UniqueIdentifier>
      <Extensions>rc;ico;cur;bmp;dlg;rc2;rct;bin;rgs;gif;jpg;jpeg;jpe;resx;tiff;tif;png;wav;mfcribbon-ms</Extensions>
    </Filter>
    <Filter Include="misc">
      <UniqueIdentifier>{9dbf4848-b0fe-457b-80ba-5653e0190d83}</UniqueIdentifier>
    </Filter>
  </ItemGroup>
  <ItemGroup>
    <ClInclude Include="BaseGameEntity.h">
      <Filter>头文件</Filter>
    </ClInclude>
    <ClInclude Include="EntityNames.h">
      <Filter>头文件</Filter>
    </ClInclude>
    <ClInclude Include="State.h">
      <Filter>头文件</Filter>
    </ClInclude>
    <ClInclude Include="Mao.h">
      <Filter>头文件</Filter>
    </ClInclude>
    <ClInclude Include="MaoOwnedStates.h">
      <Filter>头文件</Filter>
    </ClInclude>
    <ClInclude Include="resource.h">
      <Filter>头文件</Filter>
    </ClInclude>
    <ClInclude Include="People.h">
      <Filter>头文件</Filter>
    </ClInclude>
    <ClInclude Include="PeopleOwnedStates.h">
      <Filter>头文件</Filter>
    </ClInclude>
    <ClInclude Include="StateMachine.h">
      <Filter>头文件</Filter>
    </ClInclude>
    <ClInclude Include="MessageTypes.h">
      <Filter>头文件</Filter>
    </ClInclude>
    <ClInclude Include="Telegram.h">
      <Filter>头文件</Filter>
    </ClInclude>
    <ClInclude Include="EntityManager.h">
      <Filter>头文件</Filter>
    </ClInclude>
    <ClInclude Include="MessageDispatcher.h">
      <Filter>头文件</Filter>
    </ClInclude>
    <ClInclude Include="misc\ConsoleUtils.h">
      <Filter>misc</Filter>
    </ClInclude>
    <ClInclude Include="misc\CrudeTimer.h">
      <Filter>misc</Filter>
    </ClInclude>
    <ClInclude Include="misc\Utils.h">
      <Filter>misc</Filter>
    </ClInclude>
    <ClInclude Include="Guard.h">
      <Filter>头文件</Filter>
    </ClInclude>
    <ClInclude Include="GuardOwnedStates.h">
      <Filter>头文件</Filter>
    </ClInclude>
  </ItemGroup>
  <ItemGroup>
    <ClCompile Include="BaseGameEntity.cpp">
      <Filter>源文件</Filter>
    </ClCompile>
    <ClCompile Include="Mao.cpp">
      <Filter>源文件</Filter>
    </ClCompile>
    <ClCompile Include="MaoOwnedStates.cpp">
      <Filter>源文件</Filter>
    </ClCompile>
    <ClCompile Include="main.cpp">
      <Filter>源文件</Filter>
    </ClCompile>
    <ClCompile Include="People.cpp">
      <Filter>源文件</Filter>
    </ClCompile>
    <ClCompile Include="PeopleOwnedStates.cpp">
      <Filter>源文件</Filter>
    </ClCompile>
    <ClCompile Include="EntityManager.cpp">
      <Filter>源文件</Filter>
    </ClCompile>
    <ClCompile Include="MessageDispatcher.cpp">
      <Filter>源文件</Filter>
    </ClCompile>
    <ClCompile Include="misc\CrudeTimer.cpp">
      <Filter>misc</Filter>
    </ClCompile>
    <ClCompile Include="Guard.cpp">
      <Filter>源文件</Filter>
    </ClCompile>
    <ClCompile Include="GuardOwnedStates.cpp">
      <Filter>源文件</Filter>
    </ClCompile>
  </ItemGroup>
  <ItemGroup>
    <ResourceCompile Include="Chairman Mao.rc">
      <Filter>资源文件</Filter>
    </ResourceCompile>
  </ItemGroup>
</Project>